
Microsoft Visual Studio Solution File, Format Version 12.00
# Visual Studio Express 2013 for Windows Desktop
VisualStudioVersion = 12.0.31101.0
MinimumVisualStudioVersion = 10.0.40219.1
Project("{FAE04EC0-301F-11D3-BF4B-00C04F79EFBC}") = "WhaleSimulator", "WhaleSimulator\WhaleSimulator\WhaleSimulator.csproj", "{F3B74A6E-AEC7-4DEE-A0AC-CEA6B0EB30BB}"
EndProject
Project("{FAE04EC0-301F-11D3-BF4B-00C04F79EFBC}") = "WhaleSimulatorContent", "WhaleSimulator\WhaleSimulatorContent\WhaleSimulatorContent.contentproj", "{91B26FBF-AB44-496A-BEF5-1A62BA5EE0CB}"
EndProject
Project("{FAE04EC0-301F-11D3-BF4B-00C04F79EFBC}") = "RB_GameResources", "..\RB_GameResources\RB_GameResources.csproj", "{05C55063-FEC1-4333-A260-77C18FEEEFAA}"
EndProject
Project("{FAE04EC0-301F-11D3-BF4B-00C04F79EFBC}") = "AnimationAux", "..\AnimationAux\AnimationAux.csproj", "{F2F7FA8C-1FC7-42CC-93D8-E5DFF48AC09B}"
EndProject
Project("{FAE04EC0-301F-11D3-BF4B-00C04F79EFBC}") = "AnimationPipeline", "..\AnimationPipeline\AnimationPipeline.csproj", "{FF2FBE94-50B5-4E78-9592-B95F32A8881E}"
EndProject
Project("{FAE04EC0-301F-11D3-BF4B-00C04F79EFBC}") = "Xbox 360 Copy of AnimationAux", "..\AnimationAux\Xbox 360 Copy of AnimationAux.csproj", "{A705AE9F-E0EB-49E7-9168-CD308CEC893D}"
EndProject
Project("{FAE04EC0-301F-11D3-BF4B-00C04F79EFBC}") = "Xbox 360 Copy of RB_GameResources", "..\RB_GameResources\Xbox 360 Copy of RB_GameResources.csproj", "{ED927DC3-BEAA-4A70-B8C7-7C1C0BCCD5A4}"
EndProject
Project("{FAE04EC0-301F-11D3-BF4B-00C04F79EFBC}") = "Xbox 360 Copy of WhaleSimulator", "WhaleSimulator\WhaleSimulator\Xbox 360 Copy of WhaleSimulator.csproj", "{F474AD07-9F87-4564-B976-FC347BB9018F}"
EndProject
Global
	GlobalSection(SolutionConfigurationPlatforms) = preSolution
		Debug|Any CPU = Debug|Any CPU
		Debug|Mixed Platforms = Debug|Mixed Platforms
		Debug|x86 = Debug|x86
		Debug|Xbox 360 = Debug|Xbox 360
		Release|Any CPU = Release|Any CPU
		Release|Mixed Platforms = Release|Mixed Platforms
		Release|x86 = Release|x86
		Release|Xbox 360 = Release|Xbox 360
	EndGlobalSection
	GlobalSection(ProjectConfigurationPlatforms) = postSolution
		{F3B74A6E-AEC7-4DEE-A0AC-CEA6B0EB30BB}.Debug|Any CPU.ActiveCfg = Debug|x86
		{F3B74A6E-AEC7-4DEE-A0AC-CEA6B0EB30BB}.Debug|Mixed Platforms.ActiveCfg = Debug|x86
		{F3B74A6E-AEC7-4DEE-A0AC-CEA6B0EB30BB}.Debug|Mixed Platforms.Build.0 = Debug|x86
		{F3B74A6E-AEC7-4DEE-A0AC-CEA6B0EB30BB}.Debug|x86.ActiveCfg = Debug|x86
		{F3B74A6E-AEC7-4DEE-A0AC-CEA6B0EB30BB}.Debug|x86.Build.0 = Debug|x86
		{F3B74A6E-AEC7-4DEE-A0AC-CEA6B0EB30BB}.Debug|Xbox 360.ActiveCfg = Debug|x86
		{F3B74A6E-AEC7-4DEE-A0AC-CEA6B0EB30BB}.Debug|Xbox 360.Build.0 = Debug|x86
		{F3B74A6E-AEC7-4DEE-A0AC-CEA6B0EB30BB}.Release|Any CPU.ActiveCfg = Release|x86
		{F3B74A6E-AEC7-4DEE-A0AC-CEA6B0EB30BB}.Release|Mixed Platforms.ActiveCfg = Release|x86
		{F3B74A6E-AEC7-4DEE-A0AC-CEA6B0EB30BB}.Release|Mixed Platforms.Build.0 = Release|x86
		{F3B74A6E-AEC7-4DEE-A0AC-CEA6B0EB30BB}.Release|x86.ActiveCfg = Release|x86
		{F3B74A6E-AEC7-4DEE-A0AC-CEA6B0EB30BB}.Release|x86.Build.0 = Release|x86
		{F3B74A6E-AEC7-4DEE-A0AC-CEA6B0EB30BB}.Release|Xbox 360.ActiveCfg = Release|x86
		{F3B74A6E-AEC7-4DEE-A0AC-CEA6B0EB30BB}.Release|Xbox 360.Build.0 = Release|x86
		{91B26FBF-AB44-496A-BEF5-1A62BA5EE0CB}.Debug|Any CPU.ActiveCfg = Debug|x86
		{91B26FBF-AB44-496A-BEF5-1A62BA5EE0CB}.Debug|Mixed Platforms.ActiveCfg = Debug|x86
		{91B26FBF-AB44-496A-BEF5-1A62BA5EE0CB}.Debug|x86.ActiveCfg = Debug|x86
		{91B26FBF-AB44-496A-BEF5-1A62BA5EE0CB}.Debug|Xbox 360.ActiveCfg = Debug|x86
		{91B26FBF-AB44-496A-BEF5-1A62BA5EE0CB}.Release|Any CPU.ActiveCfg = Release|x86
		{91B26FBF-AB44-496A-BEF5-1A62BA5EE0CB}.Release|Mixed Platforms.ActiveCfg = Release|x86
		{91B26FBF-AB44-496A-BEF5-1A62BA5EE0CB}.Release|x86.ActiveCfg = Release|x86
		{91B26FBF-AB44-496A-BEF5-1A62BA5EE0CB}.Release|Xbox 360.ActiveCfg = Release|x86
		{05C55063-FEC1-4333-A260-77C18FEEEFAA}.Debug|Any CPU.ActiveCfg = Debug|x86
		{05C55063-FEC1-4333-A260-77C18FEEEFAA}.Debug|Mixed Platforms.ActiveCfg = Debug|x86
		{05C55063-FEC1-4333-A260-77C18FEEEFAA}.Debug|Mixed Platforms.Build.0 = Debug|x86
		{05C55063-FEC1-4333-A260-77C18FEEEFAA}.Debug|x86.ActiveCfg = Debug|x86
		{05C55063-FEC1-4333-A260-77C18FEEEFAA}.Debug|x86.Build.0 = Debug|x86
		{05C55063-FEC1-4333-A260-77C18FEEEFAA}.Debug|Xbox 360.ActiveCfg = Debug|x86
		{05C55063-FEC1-4333-A260-77C18FEEEFAA}.Debug|Xbox 360.Build.0 = Debug|x86
		{05C55063-FEC1-4333-A260-77C18FEEEFAA}.Release|Any CPU.ActiveCfg = Release|x86
		{05C55063-FEC1-4333-A260-77C18FEEEFAA}.Release|Mixed Platforms.ActiveCfg = Release|x86
		{05C55063-FEC1-4333-A260-77C18FEEEFAA}.Release|Mixed Platforms.Build.0 = Release|x86
		{05C55063-FEC1-4333-A260-77C18FEEEFAA}.Release|x86.ActiveCfg = Release|x86
		{05C55063-FEC1-4333-A260-77C18FEEEFAA}.Release|x86.Build.0 = Release|x86
		{05C55063-FEC1-4333-A260-77C18FEEEFAA}.Release|Xbox 360.ActiveCfg = Release|x86
		{05C55063-FEC1-4333-A260-77C18FEEEFAA}.Release|Xbox 360.Build.0 = Release|x86
		{F2F7FA8C-1FC7-42CC-93D8-E5DFF48AC09B}.Debug|Any CPU.ActiveCfg = Debug|x86
		{F2F7FA8C-1FC7-42CC-93D8-E5DFF48AC09B}.Debug|Mixed Platforms.ActiveCfg = Debug|x86
		{F2F7FA8C-1FC7-42CC-93D8-E5DFF48AC09B}.Debug|Mixed Platforms.Build.0 = Debug|x86
		{F2F7FA8C-1FC7-42CC-93D8-E5DFF48AC09B}.Debug|x86.ActiveCfg = Debug|x86
		{F2F7FA8C-1FC7-42CC-93D8-E5DFF48AC09B}.Debug|x86.Build.0 = Debug|x86
		{F2F7FA8C-1FC7-42CC-93D8-E5DFF48AC09B}.Debug|Xbox 360.ActiveCfg = Debug|x86
		{F2F7FA8C-1FC7-42CC-93D8-E5DFF48AC09B}.Debug|Xbox 360.Build.0 = Debug|x86
		{F2F7FA8C-1FC7-42CC-93D8-E5DFF48AC09B}.Release|Any CPU.ActiveCfg = Release|x86
		{F2F7FA8C-1FC7-42CC-93D8-E5DFF48AC09B}.Release|Mixed Platforms.ActiveCfg = Release|x86
		{F2F7FA8C-1FC7-42CC-93D8-E5DFF48AC09B}.Release|Mixed Platforms.Build.0 = Release|x86
		{F2F7FA8C-1FC7-42CC-93D8-E5DFF48AC09B}.Release|x86.ActiveCfg = Release|x86
		{F2F7FA8C-1FC7-42CC-93D8-E5DFF48AC09B}.Release|x86.Build.0 = Release|x86
		{F2F7FA8C-1FC7-42CC-93D8-E5DFF48AC09B}.Release|Xbox 360.ActiveCfg = Release|x86
		{F2F7FA8C-1FC7-42CC-93D8-E5DFF48AC09B}.Release|Xbox 360.Build.0 = Release|x86
		{FF2FBE94-50B5-4E78-9592-B95F32A8881E}.Debug|Any CPU.ActiveCfg = Debug|x86
		{FF2FBE94-50B5-4E78-9592-B95F32A8881E}.Debug|Any CPU.Build.0 = Debug|x86
		{FF2FBE94-50B5-4E78-9592-B95F32A8881E}.Debug|Mixed Platforms.ActiveCfg = Debug|x86
		{FF2FBE94-50B5-4E78-9592-B95F32A8881E}.Debug|Mixed Platforms.Build.0 = Debug|x86
		{FF2FBE94-50B5-4E78-9592-B95F32A8881E}.Debug|x86.ActiveCfg = Debug|x86
		{FF2FBE94-50B5-4E78-9592-B95F32A8881E}.Debug|x86.Build.0 = Debug|x86
		{FF2FBE94-50B5-4E78-9592-B95F32A8881E}.Debug|Xbox 360.ActiveCfg = Debug|x86
		{FF2FBE94-50B5-4E78-9592-B95F32A8881E}.Debug|Xbox 360.Build.0 = Debug|x86
		{FF2FBE94-50B5-4E78-9592-B95F32A8881E}.Release|Any CPU.ActiveCfg = Debug|x86
		{FF2FBE94-50B5-4E78-9592-B95F32A8881E}.Release|Any CPU.Build.0 = Debug|x86
		{FF2FBE94-50B5-4E78-9592-B95F32A8881E}.Release|Mixed Platforms.ActiveCfg = Debug|x86
		{FF2FBE94-50B5-4E78-9592-B95F32A8881E}.Release|Mixed Platforms.Build.0 = Debug|x86
		{FF2FBE94-50B5-4E78-9592-B95F32A8881E}.Release|x86.ActiveCfg = Debug|x86
		{FF2FBE94-50B5-4E78-9592-B95F32A8881E}.Release|x86.Build.0 = Debug|x86
		{FF2FBE94-50B5-4E78-9592-B95F32A8881E}.Release|Xbox 360.ActiveCfg = Debug|x86
		{FF2FBE94-50B5-4E78-9592-B95F32A8881E}.Release|Xbox 360.Build.0 = Debug|x86
		{A705AE9F-E0EB-49E7-9168-CD308CEC893D}.Debug|Any CPU.ActiveCfg = Debug|Xbox 360
		{A705AE9F-E0EB-49E7-9168-CD308CEC893D}.Debug|Mixed Platforms.ActiveCfg = Debug|Xbox 360
		{A705AE9F-E0EB-49E7-9168-CD308CEC893D}.Debug|Mixed Platforms.Build.0 = Debug|Xbox 360
		{A705AE9F-E0EB-49E7-9168-CD308CEC893D}.Debug|x86.ActiveCfg = Debug|Xbox 360
		{A705AE9F-E0EB-49E7-9168-CD308CEC893D}.Debug|x86.Build.0 = Debug|Xbox 360
		{A705AE9F-E0EB-49E7-9168-CD308CEC893D}.Debug|Xbox 360.ActiveCfg = Debug|Xbox 360
		{A705AE9F-E0EB-49E7-9168-CD308CEC893D}.Debug|Xbox 360.Build.0 = Debug|Xbox 360
		{A705AE9F-E0EB-49E7-9168-CD308CEC893D}.Release|Any CPU.ActiveCfg = Release|Xbox 360
		{A705AE9F-E0EB-49E7-9168-CD308CEC893D}.Release|Mixed Platforms.ActiveCfg = Release|Xbox 360
		{A705AE9F-E0EB-49E7-9168-CD308CEC893D}.Release|Mixed Platforms.Build.0 = Release|Xbox 360
		{A705AE9F-E0EB-49E7-9168-CD308CEC893D}.Release|x86.ActiveCfg = Release|Xbox 360
		{A705AE9F-E0EB-49E7-9168-CD308CEC893D}.Release|x86.Build.0 = Release|Xbox 360
		{A705AE9F-E0EB-49E7-9168-CD308CEC893D}.Release|Xbox 360.ActiveCfg = Release|Xbox 360
		{A705AE9F-E0EB-49E7-9168-CD308CEC893D}.Release|Xbox 360.Build.0 = Release|Xbox 360
		{ED927DC3-BEAA-4A70-B8C7-7C1C0BCCD5A4}.Debug|Any CPU.ActiveCfg = Debug|Xbox 360
		{ED927DC3-BEAA-4A70-B8C7-7C1C0BCCD5A4}.Debug|Mixed Platforms.ActiveCfg = Debug|Xbox 360
		{ED927DC3-BEAA-4A70-B8C7-7C1C0BCCD5A4}.Debug|Mixed Platforms.Build.0 = Debug|Xbox 360
		{ED927DC3-BEAA-4A70-B8C7-7C1C0BCCD5A4}.Debug|x86.ActiveCfg = Debug|Xbox 360
		{ED927DC3-BEAA-4A70-B8C7-7C1C0BCCD5A4}.Debug|x86.Build.0 = Debug|Xbox 360
		{ED927DC3-BEAA-4A70-B8C7-7C1C0BCCD5A4}.Debug|Xbox 360.ActiveCfg = Debug|Xbox 360
		{ED927DC3-BEAA-4A70-B8C7-7C1C0BCCD5A4}.Debug|Xbox 360.Build.0 = Debug|Xbox 360
		{ED927DC3-BEAA-4A70-B8C7-7C1C0BCCD5A4}.Release|Any CPU.ActiveCfg = Release|Xbox 360
		{ED927DC3-BEAA-4A70-B8C7-7C1C0BCCD5A4}.Release|Mixed Platforms.ActiveCfg = Release|Xbox 360
		{ED927DC3-BEAA-4A70-B8C7-7C1C0BCCD5A4}.Release|Mixed Platforms.Build.0 = Release|Xbox 360
		{ED927DC3-BEAA-4A70-B8C7-7C1C0BCCD5A4}.Release|x86.ActiveCfg = Release|Xbox 360
		{ED927DC3-BEAA-4A70-B8C7-7C1C0BCCD5A4}.Release|x86.Build.0 = Release|Xbox 360
		{ED927DC3-BEAA-4A70-B8C7-7C1C0BCCD5A4}.Release|Xbox 360.ActiveCfg = Release|Xbox 360
		{ED927DC3-BEAA-4A70-B8C7-7C1C0BCCD5A4}.Release|Xbox 360.Build.0 = Release|Xbox 360
		{F474AD07-9F87-4564-B976-FC347BB9018F}.Debug|Any CPU.ActiveCfg = Debug|Xbox 360
		{F474AD07-9F87-4564-B976-FC347BB9018F}.Debug|Mixed Platforms.ActiveCfg = Debug|Xbox 360
		{F474AD07-9F87-4564-B976-FC347BB9018F}.Debug|Mixed Platforms.Build.0 = Debug|Xbox 360
		{F474AD07-9F87-4564-B976-FC347BB9018F}.Debug|Mixed Platforms.Deploy.0 = Debug|Xbox 360
		{F474AD07-9F87-4564-B976-FC347BB9018F}.Debug|x86.ActiveCfg = Debug|Xbox 360
		{F474AD07-9F87-4564-B976-FC347BB9018F}.Debug|Xbox 360.ActiveCfg = Debug|Xbox 360
		{F474AD07-9F87-4564-B976-FC347BB9018F}.Debug|Xbox 360.Build.0 = Debug|Xbox 360
		{F474AD07-9F87-4564-B976-FC347BB9018F}.Debug|Xbox 360.Deploy.0 = Debug|Xbox 360
		{F474AD07-9F87-4564-B976-FC347BB9018F}.Release|Any CPU.ActiveCfg = Release|Xbox 360
		{F474AD07-9F87-4564-B976-FC347BB9018F}.Release|Mixed Platforms.ActiveCfg = Release|Xbox 360
		{F474AD07-9F87-4564-B976-FC347BB9018F}.Release|Mixed Platforms.Build.0 = Release|Xbox 360
		{F474AD07-9F87-4564-B976-FC347BB9018F}.Release|Mixed Platforms.Deploy.0 = Release|Xbox 360
		{F474AD07-9F87-4564-B976-FC347BB9018F}.Release|x86.ActiveCfg = Release|Xbox 360
		{F474AD07-9F87-4564-B976-FC347BB9018F}.Release|Xbox 360.ActiveCfg = Release|Xbox 360
		{F474AD07-9F87-4564-B976-FC347BB9018F}.Release|Xbox 360.Build.0 = Release|Xbox 360
		{F474AD07-9F87-4564-B976-FC347BB9018F}.Release|Xbox 360.Deploy.0 = Release|Xbox 360
	EndGlobalSection
	GlobalSection(SolutionProperties) = preSolution
		HideSolutionNode = FALSE
	EndGlobalSection
EndGlobal
